// !$*UTF8*$!
{
	archiveVersion = 1;
	classes = {
	};
	objectVersion = 77;
	objects = {

/* Begin PBXBuildFile section */
		6AA4A3502DF28BB100AE8AA3 /* WidgetKit.framework in Frameworks */ = {isa = PBXBuildFile; fileRef = 6AA4A34F2DF28BB100AE8AA3 /* WidgetKit.framework */; };
		6AA4A3522DF28BB100AE8AA3 /* SwiftUI.framework in Frameworks */ = {isa = PBXBuildFile; fileRef = 6AA4A3512DF28BB100AE8AA3 /* SwiftUI.framework */; };
		6AA4A3632DF28BB200AE8AA3 /* DonnaActivityWidgetExtension.appex in Embed Foundation Extensions */ = {isa = PBXBuildFile; fileRef = 6AA4A34D2DF28BB100AE8AA3 /* DonnaActivityWidgetExtension.appex */; settings = {ATTRIBUTES = (RemoveHeadersOnCopy, ); }; };
		6AA4A3842DF2AB7B00AE8AA3 /* SharedTypes.swift in Sources */ = {isa = PBXBuildFile; fileRef = 6AA4A3832DF2AB7B00AE8AA3 /* SharedTypes.swift */; };
		6AA4A3852DF2AB7B00AE8AA3 /* SharedTypes.swift in Sources */ = {isa = PBXBuildFile; fileRef = 6AA4A3832DF2AB7B00AE8AA3 /* SharedTypes.swift */; };
/* End PBXBuildFile section */

/* Begin PBXContainerItemProxy section */
		6AA3E7E32DF2817C0040A8C1 /* PBXContainerItemProxy */ = {
			isa = PBXContainerItemProxy;
			containerPortal = 6AA3E7C92DF2817A0040A8C1 /* Project object */;
			proxyType = 1;
			remoteGlobalIDString = 6AA3E7D02DF2817A0040A8C1;
			remoteInfo = donna;
		};
		6AA3E7ED2DF2817C0040A8C1 /* PBXContainerItemProxy */ = {
			isa = PBXContainerItemProxy;
			containerPortal = 6AA3E7C92DF2817A0040A8C1 /* Project object */;
			proxyType = 1;
			remoteGlobalIDString = 6AA3E7D02DF2817A0040A8C1;
			remoteInfo = donna;
		};
		6AA4A3612DF28BB200AE8AA3 /* PBXContainerItemProxy */ = {
			isa = PBXContainerItemProxy;
			containerPortal = 6AA3E7C92DF2817A0040A8C1 /* Project object */;
			proxyType = 1;
			remoteGlobalIDString = 6AA4A34C2DF28BB100AE8AA3;
			remoteInfo = DonnaActivityWidgetExtension;
		};
/* End PBXContainerItemProxy section */

/* Begin PBXCopyFilesBuildPhase section */
		6AA4A3682DF28BB200AE8AA3 /* Embed Foundation Extensions */ = {
			isa = PBXCopyFilesBuildPhase;
			buildActionMask = 2147483647;
			dstPath = "";
			dstSubfolderSpec = 13;
			files = (
				6AA4A3632DF28BB200AE8AA3 /* DonnaActivityWidgetExtension.appex in Embed Foundation Extensions */,
			);
			name = "Embed Foundation Extensions";
			runOnlyForDeploymentPostprocessing = 0;
		};
/* End PBXCopyFilesBuildPhase section */

/* Begin PBXFileReference section */
		6AA3E7D12DF2817A0040A8C1 /* donna.app */ = {isa = PBXFileReference; explicitFileType = wrapper.application; includeInIndex = 0; path = donna.app; sourceTree = BUILT_PRODUCTS_DIR; };
		6AA3E7E22DF2817C0040A8C1 /* donnaTests.xctest */ = {isa = PBXFileReference; explicitFileType = wrapper.cfbundle; includeInIndex = 0; path = donnaTests.xctest; sourceTree = BUILT_PRODUCTS_DIR; };
		6AA3E7EC2DF2817C0040A8C1 /* donnaUITests.xctest */ = {isa = PBXFileReference; explicitFileType = wrapper.cfbundle; includeInIndex = 0; path = donnaUITests.xctest; sourceTree = BUILT_PRODUCTS_DIR; };
		6AA4A34D2DF28BB100AE8AA3 /* DonnaActivityWidgetExtension.appex */ = {isa = PBXFileReference; explicitFileType = "wrapper.app-extension"; includeInIndex = 0; path = DonnaActivityWidgetExtension.appex; sourceTree = BUILT_PRODUCTS_DIR; };
		6AA4A34F2DF28BB100AE8AA3 /* WidgetKit.framework */ = {isa = PBXFileReference; lastKnownFileType = wrapper.framework; name = WidgetKit.framework; path = System/Library/Frameworks/WidgetKit.framework; sourceTree = SDKROOT; };
		6AA4A3512DF28BB100AE8AA3 /* SwiftUI.framework */ = {isa = PBXFileReference; lastKnownFileType = wrapper.framework; name = SwiftUI.framework; path = System/Library/Frameworks/SwiftUI.framework; sourceTree = SDKROOT; };
		6AA4A3832DF2AB7B00AE8AA3 /* SharedTypes.swift */ = {isa = PBXFileReference; lastKnownFileType = sourcecode.swift; path = SharedTypes.swift; sourceTree = "<group>"; };
/* End PBXFileReference section */

/* Begin PBXFileSystemSynchronizedBuildFileExceptionSet section */
		6AA3E7F42DF2817C0040A8C1 /* Exceptions for "donna" folder in "donna" target */ = {
			isa = PBXFileSystemSynchronizedBuildFileExceptionSet;
			membershipExceptions = (
				Info.plist,
			);
			target = 6AA3E7D02DF2817A0040A8C1 /* donna */;
		};
		6AA4A3672DF28BB200AE8AA3 /* Exceptions for "DonnaActivityWidget" folder in "DonnaActivityWidgetExtension" target */ = {
			isa = PBXFileSystemSynchronizedBuildFileExceptionSet;
			membershipExceptions = (
				Info.plist,
			);
			target = 6AA4A34C2DF28BB100AE8AA3 /* DonnaActivityWidgetExtension */;
		};
/* End PBXFileSystemSynchronizedBuildFileExceptionSet section */

/* Begin PBXFileSystemSynchronizedRootGroup section */
		6AA3E7D32DF2817A0040A8C1 /* donna */ = {
			isa = PBXFileSystemSynchronizedRootGroup;
			exceptions = (
				6AA3E7F42DF2817C0040A8C1 /* Exceptions for "donna" folder in "donna" target */,
			);
			path = donna;
			sourceTree = "<group>";
		};
		6AA3E7E52DF2817C0040A8C1 /* donnaTests */ = {
			isa = PBXFileSystemSynchronizedRootGroup;
			path = donnaTests;
			sourceTree = "<group>";
		};
		6AA3E7EF2DF2817C0040A8C1 /* donnaUITests */ = {
			isa = PBXFileSystemSynchronizedRootGroup;
			path = donnaUITests;
			sourceTree = "<group>";
		};
		6AA4A3532DF28BB100AE8AA3 /* DonnaActivityWidget */ = {
			isa = PBXFileSystemSynchronizedRootGroup;
			exceptions = (
				6AA4A3672DF28BB200AE8AA3 /* Exceptions for "DonnaActivityWidget" folder in "DonnaActivityWidgetExtension" target */,
			);
			path = DonnaActivityWidget;
			sourceTree = "<group>";
		};
/* End PBXFileSystemSynchronizedRootGroup section */

/* Begin PBXFrameworksBuildPhase section */
		6AA3E7CE2DF2817A0040A8C1 /* Frameworks */ = {
			isa = PBXFrameworksBuildPhase;
			buildActionMask = 2147483647;
			files = (
			);
			runOnlyForDeploymentPostprocessing = 0;
		};
		6AA3E7DF2DF2817C0040A8C1 /* Frameworks */ = {
			isa = PBXFrameworksBuildPhase;
			buildActionMask = 2147483647;
			files = (
			);
			runOnlyForDeploymentPostprocessing = 0;
		};
		6AA3E7E92DF2817C0040A8C1 /* Frameworks */ = {
			isa = PBXFrameworksBuildPhase;
			buildActionMask = 2147483647;
			files = (
			);
			runOnlyForDeploymentPostprocessing = 0;
		};
		6AA4A34A2DF28BB100AE8AA3 /* Frameworks */ = {
			isa = PBXFrameworksBuildPhase;
			buildActionMask = 2147483647;
			files = (
				6AA4A3522DF28BB100AE8AA3 /* SwiftUI.framework in Frameworks */,
				6AA4A3502DF28BB100AE8AA3 /* WidgetKit.framework in Frameworks */,
			);
			runOnlyForDeploymentPostprocessing = 0;
		};
/* End PBXFrameworksBuildPhase section */

/* Begin PBXGroup section */
		6AA3E7C82DF2817A0040A8C1 = {
			isa = PBXGroup;
			children = (
				6AA4A37F2DF2A93400AE8AA3 /* Shared */,
				6AA3E7D32DF2817A0040A8C1 /* donna */,
				6AA3E7E52DF2817C0040A8C1 /* donnaTests */,
				6AA3E7EF2DF2817C0040A8C1 /* donnaUITests */,
				6AA4A3532DF28BB100AE8AA3 /* DonnaActivityWidget */,
				6AA4A34E2DF28BB100AE8AA3 /* Frameworks */,
				6AA3E7D22DF2817A0040A8C1 /* Products */,
			);
			sourceTree = "<group>";
		};
		6AA3E7D22DF2817A0040A8C1 /* Products */ = {
			isa = PBXGroup;
			children = (
				6AA3E7D12DF2817A0040A8C1 /* donna.app */,
				6AA3E7E22DF2817C0040A8C1 /* donnaTests.xctest */,
				6AA3E7EC2DF2817C0040A8C1 /* donnaUITests.xctest */,
				6AA4A34D2DF28BB100AE8AA3 /* DonnaActivityWidgetExtension.appex */,
			);
			name = Products;
			sourceTree = "<group>";
		};
		6AA4A34E2DF28BB100AE8AA3 /* Frameworks */ = {
			isa = PBXGroup;
			children = (
				6AA4A34F2DF28BB100AE8AA3 /* WidgetKit.framework */,
				6AA4A3512DF28BB100AE8AA3 /* SwiftUI.framework */,
			);
			name = Frameworks;
			sourceTree = "<group>";
		};
		6AA4A37F2DF2A93400AE8AA3 /* Shared */ = {
			isa = PBXGroup;
			children = (
				6AA4A3832DF2AB7B00AE8AA3 /* SharedTypes.swift */,
			);
			path = Shared;
			sourceTree = "<group>";
		};
/* End PBXGroup section */

/* Begin PBXNativeTarget section */
		6AA3E7D02DF2817A0040A8C1 /* donna */ = {
			isa = PBXNativeTarget;
			buildConfigurationList = 6AA3E7F52DF2817C0040A8C1 /* Build configuration list for PBXNativeTarget "donna" */;
			buildPhases = (
				6AA3E7CD2DF2817A0040A8C1 /* Sources */,
				6AA3E7CE2DF2817A0040A8C1 /* Frameworks */,
				6AA3E7CF2DF2817A0040A8C1 /* Resources */,
				6AA4A3682DF28BB200AE8AA3 /* Embed Foundation Extensions */,
			);
			buildRules = (
			);
			dependencies = (
				6AA4A3622DF28BB200AE8AA3 /* PBXTargetDependency */,
			);
			fileSystemSynchronizedGroups = (
				6AA3E7D32DF2817A0040A8C1 /* donna */,
			);
			name = donna;
			packageProductDependencies = (
			);
			productName = donna;
			productReference = 6AA3E7D12DF2817A0040A8C1 /* donna.app */;
			productType = "com.apple.product-type.application";
		};
		6AA3E7E12DF2817C0040A8C1 /* donnaTests */ = {
			isa = PBXNativeTarget;
			buildConfigurationList = 6AA3E7FA2DF2817C0040A8C1 /* Build configuration list for PBXNativeTarget "donnaTests" */;
			buildPhases = (
				6AA3E7DE2DF2817C0040A8C1 /* Sources */,
				6AA3E7DF2DF2817C0040A8C1 /* Frameworks */,
				6AA3E7E02DF2817C0040A8C1 /* Resources */,
			);
			buildRules = (
			);
			dependencies = (
				6AA3E7E42DF2817C0040A8C1 /* PBXTargetDependency */,
			);
			fileSystemSynchronizedGroups = (
				6AA3E7E52DF2817C0040A8C1 /* donnaTests */,
			);
			name = donnaTests;
			packageProductDependencies = (
			);
			productName = donnaTests;
			productReference = 6AA3E7E22DF2817C0040A8C1 /* donnaTests.xctest */;
			productType = "com.apple.product-type.bundle.unit-test";
		};
		6AA3E7EB2DF2817C0040A8C1 /* donnaUITests */ = {
			isa = PBXNativeTarget;
			buildConfigurationList = 6AA3E7FD2DF2817C0040A8C1 /* Build configuration list for PBXNativeTarget "donnaUITests" */;
			buildPhases = (
				6AA3E7E82DF2817C0040A8C1 /* Sources */,
				6AA3E7E92DF2817C0040A8C1 /* Frameworks */,
				6AA3E7EA2DF2817C0040A8C1 /* Resources */,
			);
			buildRules = (
			);
			dependencies = (
				6AA3E7EE2DF2817C0040A8C1 /* PBXTargetDependency */,
			);
			fileSystemSynchronizedGroups = (
				6AA3E7EF2DF2817C0040A8C1 /* donnaUITests */,
			);
			name = donnaUITests;
			packageProductDependencies = (
			);
			productName = donnaUITests;
			productReference = 6AA3E7EC2DF2817C0040A8C1 /* donnaUITests.xctest */;
			productType = "com.apple.product-type.bundle.ui-testing";
		};
		6AA4A34C2DF28BB100AE8AA3 /* DonnaActivityWidgetExtension */ = {
			isa = PBXNativeTarget;
			buildConfigurationList = 6AA4A3642DF28BB200AE8AA3 /* Build configuration list for PBXNativeTarget "DonnaActivityWidgetExtension" */;
			buildPhases = (
				6AA4A3492DF28BB100AE8AA3 /* Sources */,
				6AA4A34A2DF28BB100AE8AA3 /* Frameworks */,
				6AA4A34B2DF28BB100AE8AA3 /* Resources */,
			);
			buildRules = (
			);
			dependencies = (
			);
			fileSystemSynchronizedGroups = (
				6AA4A3532DF28BB100AE8AA3 /* DonnaActivityWidget */,
			);
			name = DonnaActivityWidgetExtension;
			packageProductDependencies = (
			);
			productName = DonnaActivityWidgetExtension;
			productReference = 6AA4A34D2DF28BB100AE8AA3 /* DonnaActivityWidgetExtension.appex */;
			productType = "com.apple.product-type.app-extension";
		};
/* End PBXNativeTarget section */

/* Begin PBXProject section */
		6AA3E7C92DF2817A0040A8C1 /* Project object */ = {
			isa = PBXProject;
			attributes = {
				BuildIndependentTargetsInParallel = 1;
				LastSwiftUpdateCheck = 1640;
				LastUpgradeCheck = 1640;
				TargetAttributes = {
					6AA3E7D02DF2817A0040A8C1 = {
						CreatedOnToolsVersion = 16.4;
					};
					6AA3E7E12DF2817C0040A8C1 = {
						CreatedOnToolsVersion = 16.4;
						TestTargetID = 6AA3E7D02DF2817A0040A8C1;
					};
					6AA3E7EB2DF2817C0040A8C1 = {
						CreatedOnToolsVersion = 16.4;
						TestTargetID = 6AA3E7D02DF2817A0040A8C1;
					};
					6AA4A34C2DF28BB100AE8AA3 = {
						CreatedOnToolsVersion = 16.4;
					};
				};
			};
			buildConfigurationList = 6AA3E7CC2DF2817A0040A8C1 /* Build configuration list for PBXProject "donna" */;
			developmentRegion = en;
			hasScannedForEncodings = 0;
			knownRegions = (
				en,
				Base,
			);
			mainGroup = 6AA3E7C82DF2817A0040A8C1;
			minimizedProjectReferenceProxies = 1;
			packageReferences = (
				6AA4A37C2DF2A7E900AE8AA3 /* XCLocalSwiftPackageReference "DonnaShared" */,
			);
			preferredProjectObjectVersion = 77;
			productRefGroup = 6AA3E7D22DF2817A0040A8C1 /* Products */;
			projectDirPath = "";
			projectRoot = "";
			targets = (
				6AA3E7D02DF2817A0040A8C1 /* donna */,
				6AA3E7E12DF2817C0040A8C1 /* donnaTests */,
				6AA3E7EB2DF2817C0040A8C1 /* donnaUITests */,
				6AA4A34C2DF28BB100AE8AA3 /* DonnaActivityWidgetExtension */,
			);
		};
/* End PBXProject section */

/* Begin PBXResourcesBuildPhase section */
		6AA3E7CF2DF2817A0040A8C1 /* Resources */ = {
			isa = PBXResourcesBuildPhase;
			buildActionMask = 2147483647;
			files = (
			);
			runOnlyForDeploymentPostprocessing = 0;
		};
		6AA3E7E02DF2817C0040A8C1 /* Resources */ = {
			isa = PBXResourcesBuildPhase;
			buildActionMask = 2147483647;
			files = (
			);
			runOnlyForDeploymentPostprocessing = 0;
		};
		6AA3E7EA2DF2817C0040A8C1 /* Resources */ = {
			isa = PBXResourcesBuildPhase;
			buildActionMask = 2147483647;
			files = (
			);
			runOnlyForDeploymentPostprocessing = 0;
		};
		6AA4A34B2DF28BB100AE8AA3 /* Resources */ = {
			isa = PBXResourcesBuildPhase;
			buildActionMask = 2147483647;
			files = (
			);
			runOnlyForDeploymentPostprocessing = 0;
		};
/* End PBXResourcesBuildPhase section */

/* Begin PBXSourcesBuildPhase section */
		6AA3E7CD2DF2817A0040A8C1 /* Sources */ = {
			isa = PBXSourcesBuildPhase;
			buildActionMask = 2147483647;
			files = (
				6AA4A3842DF2AB7B00AE8AA3 /* SharedTypes.swift in Sources */,
			);
			runOnlyForDeploymentPostprocessing = 0;
		};
		6AA3E7DE2DF2817C0040A8C1 /* Sources */ = {
			isa = PBXSourcesBuildPhase;
			buildActionMask = 2147483647;
			files = (
			);
			runOnlyForDeploymentPostprocessing = 0;
		};
		6AA3E7E82DF2817C0040A8C1 /* Sources */ = {
			isa = PBXSourcesBuildPhase;
			buildActionMask = 2147483647;
			files = (
			);
			runOnlyForDeploymentPostprocessing = 0;
		};
		6AA4A3492DF28BB100AE8AA3 /* Sources */ = {
			isa = PBXSourcesBuildPhase;
			buildActionMask = 2147483647;
			files = (
				6AA4A3852DF2AB7B00AE8AA3 /* SharedTypes.swift in Sources */,
			);
			runOnlyForDeploymentPostprocessing = 0;
		};
/* End PBXSourcesBuildPhase section */

/* Begin PBXTargetDependency section */
		6AA3E7E42DF2817C0040A8C1 /* PBXTargetDependency */ = {
			isa = PBXTargetDependency;
			target = 6AA3E7D02DF2817A0040A8C1 /* donna */;
			targetProxy = 6AA3E7E32DF2817C0040A8C1 /* PBXContainerItemProxy */;
		};
		6AA3E7EE2DF2817C0040A8C1 /* PBXTargetDependency */ = {
			isa = PBXTargetDependency;
			target = 6AA3E7D02DF2817A0040A8C1 /* donna */;
			targetProxy = 6AA3E7ED2DF2817C0040A8C1 /* PBXContainerItemProxy */;
		};
		6AA4A3622DF28BB200AE8AA3 /* PBXTargetDependency */ = {
			isa = PBXTargetDependency;
			target = 6AA4A34C2DF28BB100AE8AA3 /* DonnaActivityWidgetExtension */;
			targetProxy = 6AA4A3612DF28BB200AE8AA3 /* PBXContainerItemProxy */;
		};
/* End PBXTargetDependency section */

/* Begin XCBuildConfiguration section */
		6AA3E7F62DF2817C0040A8C1 /* Debug */ = {
			isa = XCBuildConfiguration;
			buildSettings = {
				ASSETCATALOG_COMPILER_APPICON_NAME = AppIcon;
				ASSETCATALOG_COMPILER_GLOBAL_ACCENT_COLOR_NAME = AccentColor;
				CODE_SIGN_ENTITLEMENTS = donna/donna.entitlements;
				CODE_SIGN_STYLE = Automatic;
				CURRENT_PROJECT_VERSION = 1;
				DEVELOPMENT_TEAM = Z3XZ94WPLT;
				ENABLE_PREVIEWS = YES;
				GENERATE_INFOPLIST_FILE = YES;
				INFOPLIST_FILE = donna/Info.plist;
				INFOPLIST_KEY_UIApplicationSceneManifest_Generation = YES;
				INFOPLIST_KEY_UIApplicationSupportsIndirectInputEvents = YES;
				INFOPLIST_KEY_UILaunchScreen_Generation = YES;
				INFOPLIST_KEY_UISupportedInterfaceOrientations_iPad = "UIInterfaceOrientationPortrait UIInterfaceOrientationPortraitUpsideDown UIInterfaceOrientationLandscapeLeft UIInterfaceOrientationLandscapeRight";
				INFOPLIST_KEY_UISupportedInterfaceOrientations_iPhone = "UIInterfaceOrientationPortrait UIInterfaceOrientationLandscapeLeft UIInterfaceOrientationLandscapeRight";
				LD_RUNPATH_SEARCH_PATHS = (
					"$(inherited)",
					"@executable_path/Frameworks",
				);
				MARKETING_VERSION = 1.0;
				PRODUCT_BUNDLE_IDENTIFIER = com.williamwagner.donna;
				PRODUCT_NAME = "$(TARGET_NAME)";
				SWIFT_EMIT_LOC_STRINGS = YES;
				SWIFT_VERSION = 5.0;
				TARGETED_DEVICE_FAMILY = "1,2";
			};
			name = Debug;
		};
		6AA3E7F72DF2817C0040A8C1 /* Release */ = {
			isa = XCBuildConfiguration;
			buildSettings = {
				ASSETCATALOG_COMPILER_APPICON_NAME = AppIcon;
				ASSETCATALOG_COMPILER_GLOBAL_ACCENT_COLOR_NAME = AccentColor;
				CODE_SIGN_ENTITLEMENTS = donna/donna.entitlements;
				CODE_SIGN_STYLE = Automatic;
				CURRENT_PROJECT_VERSION = 1;
				DEVELOPMENT_TEAM = Z3XZ94WPLT;
				ENABLE_PREVIEWS = YES;
				GENERATE_INFOPLIST_FILE = YES;
				INFOPLIST_FILE = donna/Info.plist;
				INFOPLIST_KEY_UIApplicationSceneManifest_Generation = YES;
				INFOPLIST_KEY_UIApplicationSupportsIndirectInputEvents = YES;
				INFOPLIST_KEY_UILaunchScreen_Generation = YES;
				INFOPLIST_KEY_UISupportedInterfaceOrientations_iPad = "UIInterfaceOrientationPortrait UIInterfaceOrientationPortraitUpsideDown UIInterfaceOrientationLandscapeLeft UIInterfaceOrientationLandscapeRight";
				INFOPLIST_KEY_UISupportedInterfaceOrientations_iPhone = "UIInterfaceOrientationPortrait UIInterfaceOrientationLandscapeLeft UIInterfaceOrientationLandscapeRight";
				LD_RUNPATH_SEARCH_PATHS = (
					"$(inherited)",
					"@executable_path/Frameworks",
				);
				MARKETING_VERSION = 1.0;
				PRODUCT_BUNDLE_IDENTIFIER = com.williamwagner.donna;
				PRODUCT_NAME = "$(TARGET_NAME)";
				SWIFT_EMIT_LOC_STRINGS = YES;
				SWIFT_VERSION = 5.0;
				TARGETED_DEVICE_FAMILY = "1,2";
			};
			name = Release;
		};
		6AA3E7F82DF2817C0040A8C1 /* Debug */ = {
			isa = XCBuildConfiguration;
			buildSettings = {
				ALWAYS_SEARCH_USER_PATHS = NO;
				ASSETCATALOG_COMPILER_GENERATE_SWIFT_ASSET_SYMBOL_EXTENSIONS = YES;
				CLANG_ANALYZER_NONNULL = YES;
				CLANG_ANALYZER_NUMBER_OBJECT_CONVERSION = YES_AGGRESSIVE;
				CLANG_CXX_LANGUAGE_STANDARD = "gnu++20";
				CLANG_ENABLE_MODULES = YES;
				CLANG_ENABLE_OBJC_ARC = YES;
				CLANG_ENABLE_OBJC_WEAK = YES;
				CLANG_WARN_BLOCK_CAPTURE_AUTORELEASING = YES;
				CLANG_WARN_BOOL_CONVERSION = YES;
				CLANG_WARN_COMMA = YES;
				CLANG_WARN_CONSTANT_CONVERSION = YES;
				CLANG_WARN_DEPRECATED_OBJC_IMPLEMENTATIONS = YES;
				CLANG_WARN_DIRECT_OBJC_ISA_USAGE = YES_ERROR;
				CLANG_WARN_DOCUMENTATION_COMMENTS = YES;
				CLANG_WARN_EMPTY_BODY = YES;
				CLANG_WARN_ENUM_CONVERSION = YES;
				CLANG_WARN_INFINITE_RECURSION = YES;
				CLANG_WARN_INT_CONVERSION = YES;
				CLANG_WARN_NON_LITERAL_NULL_CONVERSION = YES;
				CLANG_WARN_OBJC_IMPLICIT_RETAIN_SELF = YES;
				CLANG_WARN_OBJC_LITERAL_CONVERSION = YES;
				CLANG_WARN_OBJC_ROOT_CLASS = YES_ERROR;
				CLANG_WARN_QUOTED_INCLUDE_IN_FRAMEWORK_HEADER = YES;
				CLANG_WARN_RANGE_LOOP_ANALYSIS = YES;
				CLANG_WARN_STRICT_PROTOTYPES = YES;
				CLANG_WARN_SUSPICIOUS_MOVE = YES;
				CLANG_WARN_UNGUARDED_AVAILABILITY = YES_AGGRESSIVE;
				CLANG_WARN_UNREACHABLE_CODE = YES;
				CLANG_WARN__DUPLICATE_METHOD_MATCH = YES;
				COPY_PHASE_STRIP = NO;
				DEBUG_INFORMATION_FORMAT = dwarf;
				ENABLE_STRICT_OBJC_MSGSEND = YES;
				ENABLE_TESTABILITY = YES;
				ENABLE_USER_SCRIPT_SANDBOXING = YES;
				GCC_C_LANGUAGE_STANDARD = gnu17;
				GCC_DYNAMIC_NO_PIC = NO;
				GCC_NO_COMMON_BLOCKS = YES;
				GCC_OPTIMIZATION_LEVEL = 0;
				GCC_PREPROCESSOR_DEFINITIONS = (
					"DEBUG=1",
					"$(inherited)",
				);
				GCC_WARN_64_TO_32_BIT_CONVERSION = YES;
				GCC_WARN_ABOUT_RETURN_TYPE = YES_ERROR;
				GCC_WARN_UNDECLARED_SELECTOR = YES;
				GCC_WARN_UNINITIALIZED_AUTOS = YES_AGGRESSIVE;
				GCC_WARN_UNUSED_FUNCTION = YES;
				GCC_WARN_UNUSED_VARIABLE = YES;
				IPHONEOS_DEPLOYMENT_TARGET = 18.5;
				LOCALIZATION_PREFERS_STRING_CATALOGS = YES;
				MTL_ENABLE_DEBUG_INFO = INCLUDE_SOURCE;
				MTL_FAST_MATH = YES;
				ONLY_ACTIVE_ARCH = YES;
				SDKROOT = iphoneos;
				SWIFT_ACTIVE_COMPILATION_CONDITIONS = "DEBUG $(inherited)";
				SWIFT_OPTIMIZATION_LEVEL = "-Onone";
			};
			name = Debug;
		};
		6AA3E7F92DF2817C0040A8C1 /* Release */ = {
			isa = XCBuildConfiguration;
			buildSettings = {
				ALWAYS_SEARCH_USER_PATHS = NO;
				ASSETCATALOG_COMPILER_GENERATE_SWIFT_ASSET_SYMBOL_EXTENSIONS = YES;
				CLANG_ANALYZER_NONNULL = YES;
				CLANG_ANALYZER_NUMBER_OBJECT_CONVERSION = YES_AGGRESSIVE;
				CLANG_CXX_LANGUAGE_STANDARD = "gnu++20";
				CLANG_ENABLE_MODULES = YES;
				CLANG_ENABLE_OBJC_ARC = YES;
				CLANG_ENABLE_OBJC_WEAK = YES;
				CLANG_WARN_BLOCK_CAPTURE_AUTORELEASING = YES;
				CLANG_WARN_BOOL_CONVERSION = YES;
				CLANG_WARN_COMMA = YES;
				CLANG_WARN_CONSTANT_CONVERSION = YES;
				CLANG_WARN_DEPRECATED_OBJC_IMPLEMENTATIONS = YES;
				CLANG_WARN_DIRECT_OBJC_ISA_USAGE = YES_ERROR;
				CLANG_WARN_DOCUMENTATION_COMMENTS = YES;
				CLANG_WARN_EMPTY_BODY = YES;
				CLANG_WARN_ENUM_CONVERSION = YES;
				CLANG_WARN_INFINITE_RECURSION = YES;
				CLANG_WARN_INT_CONVERSION = YES;
				CLANG_WARN_NON_LITERAL_NULL_CONVERSION = YES;
				CLANG_WARN_OBJC_IMPLICIT_RETAIN_SELF = YES;
				CLANG_WARN_OBJC_LITERAL_CONVERSION = YES;
				CLANG_WARN_OBJC_ROOT_CLASS = YES_ERROR;
				CLANG_WARN_QUOTED_INCLUDE_IN_FRAMEWORK_HEADER = YES;
				CLANG_WARN_RANGE_LOOP_ANALYSIS = YES;
				CLANG_WARN_STRICT_PROTOTYPES = YES;
				CLANG_WARN_SUSPICIOUS_MOVE = YES;
				CLANG_WARN_UNGUARDED_AVAILABILITY = YES_AGGRESSIVE;
				CLANG_WARN_UNREACHABLE_CODE = YES;
				CLANG_WARN__DUPLICATE_METHOD_MATCH = YES;
				COPY_PHASE_STRIP = NO;
				DEBUG_INFORMATION_FORMAT = "dwarf-with-dsym";
				ENABLE_NS_ASSERTIONS = NO;
				ENABLE_STRICT_OBJC_MSGSEND = YES;
				ENABLE_USER_SCRIPT_SANDBOXING = YES;
				GCC_C_LANGUAGE_STANDARD = gnu17;
				GCC_NO_COMMON_BLOCKS = YES;
				GCC_WARN_64_TO_32_BIT_CONVERSION = YES;
				GCC_WARN_ABOUT_RETURN_TYPE = YES_ERROR;
				GCC_WARN_UNDECLARED_SELECTOR = YES;
				GCC_WARN_UNINITIALIZED_AUTOS = YES_AGGRESSIVE;
				GCC_WARN_UNUSED_FUNCTION = YES;
				GCC_WARN_UNUSED_VARIABLE = YES;
				IPHONEOS_DEPLOYMENT_TARGET = 18.5;
				LOCALIZATION_PREFERS_STRING_CATALOGS = YES;
				MTL_ENABLE_DEBUG_INFO = NO;
				MTL_FAST_MATH = YES;
				SDKROOT = iphoneos;
				SWIFT_COMPILATION_MODE = wholemodule;
				VALIDATE_PRODUCT = YES;
			};
			name = Release;
		};
		6AA3E7FB2DF2817C0040A8C1 /* Debug */ = {
			isa = XCBuildConfiguration;
			buildSettings = {
				BUNDLE_LOADER = "$(TEST_HOST)";
				CODE_SIGN_STYLE = Automatic;
				CURRENT_PROJECT_VERSION = 1;
				GENERATE_INFOPLIST_FILE = YES;
				IPHONEOS_DEPLOYMENT_TARGET = 18.5;
				MARKETING_VERSION = 1.0;
				PRODUCT_BUNDLE_IDENTIFIER = com.williamwagner.donnaTests;
				PRODUCT_NAME = "$(TARGET_NAME)";
				SWIFT_EMIT_LOC_STRINGS = NO;
				SWIFT_VERSION = 5.0;
				TARGETED_DEVICE_FAMILY = "1,2";
				TEST_HOST = "$(BUILT_PRODUCTS_DIR)/donna.app/$(BUNDLE_EXECUTABLE_FOLDER_PATH)/donna";
			};
			name = Debug;
		};
		6AA3E7FC2DF2817C0040A8C1 /* Release */ = {
			isa = XCBuildConfiguration;
			buildSettings = {
				BUNDLE_LOADER = "$(TEST_HOST)";
				CODE_SIGN_STYLE = Automatic;
				CURRENT_PROJECT_VERSION = 1;
				GENERATE_INFOPLIST_FILE = YES;
				IPHONEOS_DEPLOYMENT_TARGET = 18.5;
				MARKETING_VERSION = 1.0;
				PRODUCT_BUNDLE_IDENTIFIER = com.williamwagner.donnaTests;
				PRODUCT_NAME = "$(TARGET_NAME)";
				SWIFT_EMIT_LOC_STRINGS = NO;
				SWIFT_VERSION = 5.0;
				TARGETED_DEVICE_FAMILY = "1,2";
				TEST_HOST = "$(BUILT_PRODUCTS_DIR)/donna.app/$(BUNDLE_EXECUTABLE_FOLDER_PATH)/donna";
			};
			name = Release;
		};
		6AA3E7FE2DF2817C0040A8C1 /* Debug */ = {
			isa = XCBuildConfiguration;
			buildSettings = {
				CODE_SIGN_STYLE = Automatic;
				CURRENT_PROJECT_VERSION = 1;
				GENERATE_INFOPLIST_FILE = YES;
				MARKETING_VERSION = 1.0;
				PRODUCT_BUNDLE_IDENTIFIER = com.williamwagner.donnaUITests;
				PRODUCT_NAME = "$(TARGET_NAME)";
				SWIFT_EMIT_LOC_STRINGS = NO;
				SWIFT_VERSION = 5.0;
				TARGETED_DEVICE_FAMILY = "1,2";
				TEST_TARGET_NAME = donna;
			};
			name = Debug;
		};
		6AA3E7FF2DF2817C0040A8C1 /* Release */ = {
			isa = XCBuildConfiguration;
			buildSettings = {
				CODE_SIGN_STYLE = Automatic;
				CURRENT_PROJECT_VERSION = 1;
				GENERATE_INFOPLIST_FILE = YES;
				MARKETING_VERSION = 1.0;
				PRODUCT_BUNDLE_IDENTIFIER = com.williamwagner.donnaUITests;
				PRODUCT_NAME = "$(TARGET_NAME)";
				SWIFT_EMIT_LOC_STRINGS = NO;
				SWIFT_VERSION = 5.0;
				TARGETED_DEVICE_FAMILY = "1,2";
				TEST_TARGET_NAME = donna;
			};
			name = Release;
		};
		6AA4A3652DF28BB200AE8AA3 /* Debug */ = {
			isa = XCBuildConfiguration;
			buildSettings = {
				ASSETCATALOG_COMPILER_GLOBAL_ACCENT_COLOR_NAME = AccentColor;
				ASSETCATALOG_COMPILER_WIDGET_BACKGROUND_COLOR_NAME = WidgetBackground;
				CODE_SIGN_STYLE = Automatic;
				CURRENT_PROJECT_VERSION = 1;
				DEVELOPMENT_TEAM = Z3XZ94WPLT;
				GENERATE_INFOPLIST_FILE = YES;
				INFOPLIST_FILE = DonnaActivityWidget/Info.plist;
				INFOPLIST_KEY_CFBundleDisplayName = DonnaActivityWidget;
				INFOPLIST_KEY_NSHumanReadableCopyright = "";
				LD_RUNPATH_SEARCH_PATHS = (
					"$(inherited)",
					"@executable_path/Frameworks",
					"@executable_path/../../Frameworks",
				);
				MARKETING_VERSION = 1.0;
				PRODUCT_BUNDLE_IDENTIFIER = com.williamwagner.donna.DonnaActivityWidget;
				PRODUCT_NAME = "$(TARGET_NAME)";
				SKIP_INSTALL = YES;
				SWIFT_EMIT_LOC_STRINGS = YES;
				SWIFT_VERSION = 5.0;
				TARGETED_DEVICE_FAMILY = "1,2";
			};
			name = Debug;
		};
		6AA4A3662DF28BB200AE8AA3 /* Release */ = {
			isa = XCBuildConfiguration;
			buildSettings = {
				ASSETCATALOG_COMPILER_GLOBAL_ACCENT_COLOR_NAME = AccentColor;
				ASSETCATALOG_COMPILER_WIDGET_BACKGROUND_COLOR_NAME = WidgetBackground;
				CODE_SIGN_STYLE = Automatic;
				CURRENT_PROJECT_VERSION = 1;
				DEVELOPMENT_TEAM = Z3XZ94WPLT;
				GENERATE_INFOPLIST_FILE = YES;
				INFOPLIST_FILE = DonnaActivityWidget/Info.plist;
				INFOPLIST_KEY_CFBundleDisplayName = DonnaActivityWidget;
				INFOPLIST_KEY_NSHumanReadableCopyright = "";
				LD_RUNPATH_SEARCH_PATHS = (
					"$(inherited)",
					"@executable_path/Frameworks",
					"@executable_path/../../Frameworks",
				);
				MARKETING_VERSION = 1.0;
				PRODUCT_BUNDLE_IDENTIFIER = com.williamwagner.donna.DonnaActivityWidget;
				PRODUCT_NAME = "$(TARGET_NAME)";
				SKIP_INSTALL = YES;
				SWIFT_EMIT_LOC_STRINGS = YES;
				SWIFT_VERSION = 5.0;
				TARGETED_DEVICE_FAMILY = "1,2";
			};
			name = Release;
		};
/* End XCBuildConfiguration section */

/* Begin XCConfigurationList section */
		6AA3E7CC2DF2817A0040A8C1 /* Build configuration list for PBXProject "donna" */ = {
			isa = XCConfigurationList;
			buildConfigurations = (
				6AA3E7F82DF2817C0040A8C1 /* Debug */,
				6AA3E7F92DF2817C0040A8C1 /* Release */,
			);
			defaultConfigurationIsVisible = 0;
			defaultConfigurationName = Release;
		};
		6AA3E7F52DF2817C0040A8C1 /* Build configuration list for PBXNativeTarget "donna" */ = {
			isa = XCConfigurationList;
			buildConfigurations = (
				6AA3E7F62DF2817C0040A8C1 /* Debug */,
				6AA3E7F72DF2817C0040A8C1 /* Release */,
			);
			defaultConfigurationIsVisible = 0;
			defaultConfigurationName = Release;
		};
		6AA3E7FA2DF2817C0040A8C1 /* Build configuration list for PBXNativeTarget "donnaTests" */ = {
			isa = XCConfigurationList;
			buildConfigurations = (
				6AA3E7FB2DF2817C0040A8C1 /* Debug */,
				6AA3E7FC2DF2817C0040A8C1 /* Release */,
			);
			defaultConfigurationIsVisible = 0;
			defaultConfigurationName = Release;
		};
		6AA3E7FD2DF2817C0040A8C1 /* Build configuration list for PBXNativeTarget "donnaUITests" */ = {
			isa = XCConfigurationList;
			buildConfigurations = (
				6AA3E7FE2DF2817C0040A8C1 /* Debug */,
				6AA3E7FF2DF2817C0040A8C1 /* Release */,
			);
			defaultConfigurationIsVisible = 0;
			defaultConfigurationName = Release;
		};
		6AA4A3642DF28BB200AE8AA3 /* Build configuration list for PBXNativeTarget "DonnaActivityWidgetExtension" */ = {
			isa = XCConfigurationList;
			buildConfigurations = (
				6AA4A3652DF28BB200AE8AA3 /* Debug */,
				6AA4A3662DF28BB200AE8AA3 /* Release */,
			);
			defaultConfigurationIsVisible = 0;
			defaultConfigurationName = Release;
		};
/* End XCConfigurationList section */

/* Begin XCLocalSwiftPackageReference section */
		6AA4A37C2DF2A7E900AE8AA3 /* XCLocalSwiftPackageReference "DonnaShared" */ = {
			isa = XCLocalSwiftPackageReference;
			relativePath = DonnaShared;
		};
/* End XCLocalSwiftPackageReference section */
	};
	rootObject = 6AA3E7C92DF2817A0040A8C1 /* Project object */;
}
