// !$*UTF8*$!
{
	archiveVersion = 1;
	classes = {
	};
	objectVersion = 77;
	objects = {

/* Begin PBXContainerItemProxy section */
		6AEC948D2DFDEC8B002DA8F4 /* PBXContainerItemProxy */ = {
			isa = PBXContainerItemProxy;
			containerPortal = 6AEC94752DFDEC88002DA8F4 /* Project object */;
			proxyType = 1;
			remoteGlobalIDString = 6AEC947C2DFDEC88002DA8F4;
			remoteInfo = Donna;
		};
		6AEC94972DFDEC8B002DA8F4 /* PBXContainerItemProxy */ = {
			isa = PBXContainerItemProxy;
			containerPortal = 6AEC94752DFDEC88002DA8F4 /* Project object */;
			proxyType = 1;
			remoteGlobalIDString = 6AEC947C2DFDEC88002DA8F4;
			remoteInfo = Donna;
		};
/* End PBXContainerItemProxy section */

/* Begin PBXFileReference section */
		6AEC947D2DFDEC88002DA8F4 /* Donna.app */ = {isa = PBXFileReference; explicitFileType = wrapper.application; includeInIndex = 0; path = Donna.app; sourceTree = BUILT_PRODUCTS_DIR; };
		6AEC948C2DFDEC8B002DA8F4 /* DonnaTests.xctest */ = {isa = PBXFileReference; explicitFileType = wrapper.cfbundle; includeInIndex = 0; path = DonnaTests.xctest; sourceTree = BUILT_PRODUCTS_DIR; };
		6AEC94962DFDEC8B002DA8F4 /* DonnaUITests.xctest */ = {isa = PBXFileReference; explicitFileType = wrapper.cfbundle; includeInIndex = 0; path = DonnaUITests.xctest; sourceTree = BUILT_PRODUCTS_DIR; };
/* End PBXFileReference section */

/* Begin PBXFileSystemSynchronizedRootGroup section */
		6AEC947F2DFDEC88002DA8F4 /* Donna */ = {
			isa = PBXFileSystemSynchronizedRootGroup;
			path = Donna;
			sourceTree = "<group>";
		};
		6AEC948F2DFDEC8B002DA8F4 /* DonnaTests */ = {
			isa = PBXFileSystemSynchronizedRootGroup;
			path = DonnaTests;
			sourceTree = "<group>";
		};
		6AEC94992DFDEC8B002DA8F4 /* DonnaUITests */ = {
			isa = PBXFileSystemSynchronizedRootGroup;
			path = DonnaUITests;
			sourceTree = "<group>";
		};
/* End PBXFileSystemSynchronizedRootGroup section */

/* Begin PBXFrameworksBuildPhase section */
		6AEC947A2DFDEC88002DA8F4 /* Frameworks */ = {
			isa = PBXFrameworksBuildPhase;
			buildActionMask = 2147483647;
			files = (
			);
			runOnlyForDeploymentPostprocessing = 0;
		};
		6AEC94892DFDEC8B002DA8F4 /* Frameworks */ = {
			isa = PBXFrameworksBuildPhase;
			buildActionMask = 2147483647;
			files = (
			);
			runOnlyForDeploymentPostprocessing = 0;
		};
		6AEC94932DFDEC8B002DA8F4 /* Frameworks */ = {
			isa = PBXFrameworksBuildPhase;
			buildActionMask = 2147483647;
			files = (
			);
			runOnlyForDeploymentPostprocessing = 0;
		};
/* End PBXFrameworksBuildPhase section */

/* Begin PBXGroup section */
		6AEC94742DFDEC88002DA8F4 = {
			isa = PBXGroup;
			children = (
				6AEC947F2DFDEC88002DA8F4 /* Donna */,
				6AEC948F2DFDEC8B002DA8F4 /* DonnaTests */,
				6AEC94992DFDEC8B002DA8F4 /* DonnaUITests */,
				6AEC947E2DFDEC88002DA8F4 /* Products */,
			);
			sourceTree = "<group>";
		};
		6AEC947E2DFDEC88002DA8F4 /* Products */ = {
			isa = PBXGroup;
			children = (
				6AEC947D2DFDEC88002DA8F4 /* Donna.app */,
				6AEC948C2DFDEC8B002DA8F4 /* DonnaTests.xctest */,
				6AEC94962DFDEC8B002DA8F4 /* DonnaUITests.xctest */,
			);
			name = Products;
			sourceTree = "<group>";
		};
/* End PBXGroup section */

/* Begin PBXNativeTarget section */
		6AEC947C2DFDEC88002DA8F4 /* Donna */ = {
			isa = PBXNativeTarget;
			buildConfigurationList = 6AEC94A02DFDEC8B002DA8F4 /* Build configuration list for PBXNativeTarget "Donna" */;
			buildPhases = (
				6AEC94792DFDEC88002DA8F4 /* Sources */,
				6AEC947A2DFDEC88002DA8F4 /* Frameworks */,
				6AEC947B2DFDEC88002DA8F4 /* Resources */,
			);
			buildRules = (
			);
			dependencies = (
			);
			fileSystemSynchronizedGroups = (
				6AEC947F2DFDEC88002DA8F4 /* Donna */,
			);
			name = Donna;
			packageProductDependencies = (
			);
			productName = Donna;
			productReference = 6AEC947D2DFDEC88002DA8F4 /* Donna.app */;
			productType = "com.apple.product-type.application";
		};
		6AEC948B2DFDEC8B002DA8F4 /* DonnaTests */ = {
			isa = PBXNativeTarget;
			buildConfigurationList = 6AEC94A32DFDEC8B002DA8F4 /* Build configuration list for PBXNativeTarget "DonnaTests" */;
			buildPhases = (
				6AEC94882DFDEC8B002DA8F4 /* Sources */,
				6AEC94892DFDEC8B002DA8F4 /* Frameworks */,
				6AEC948A2DFDEC8B002DA8F4 /* Resources */,
			);
			buildRules = (
			);
			dependencies = (
				6AEC948E2DFDEC8B002DA8F4 /* PBXTargetDependency */,
			);
			fileSystemSynchronizedGroups = (
				6AEC948F2DFDEC8B002DA8F4 /* DonnaTests */,
			);
			name = DonnaTests;
			packageProductDependencies = (
			);
			productName = DonnaTests;
			productReference = 6AEC948C2DFDEC8B002DA8F4 /* DonnaTests.xctest */;
			productType = "com.apple.product-type.bundle.unit-test";
		};
		6AEC94952DFDEC8B002DA8F4 /* DonnaUITests */ = {
			isa = PBXNativeTarget;
			buildConfigurationList = 6AEC94A62DFDEC8B002DA8F4 /* Build configuration list for PBXNativeTarget "DonnaUITests" */;
			buildPhases = (
				6AEC94922DFDEC8B002DA8F4 /* Sources */,
				6AEC94932DFDEC8B002DA8F4 /* Frameworks */,
				6AEC94942DFDEC8B002DA8F4 /* Resources */,
			);
			buildRules = (
			);
			dependencies = (
				6AEC94982DFDEC8B002DA8F4 /* PBXTargetDependency */,
			);
			fileSystemSynchronizedGroups = (
				6AEC94992DFDEC8B002DA8F4 /* DonnaUITests */,
			);
			name = DonnaUITests;
			packageProductDependencies = (
			);
			productName = DonnaUITests;
			productReference = 6AEC94962DFDEC8B002DA8F4 /* DonnaUITests.xctest */;
			productType = "com.apple.product-type.bundle.ui-testing";
		};
/* End PBXNativeTarget section */

/* Begin PBXProject section */
		6AEC94752DFDEC88002DA8F4 /* Project object */ = {
			isa = PBXProject;
			attributes = {
				BuildIndependentTargetsInParallel = 1;
				LastSwiftUpdateCheck = 2600;
				LastUpgradeCheck = 2600;
				TargetAttributes = {
					6AEC947C2DFDEC88002DA8F4 = {
						CreatedOnToolsVersion = 26.0;
					};
					6AEC948B2DFDEC8B002DA8F4 = {
						CreatedOnToolsVersion = 26.0;
						TestTargetID = 6AEC947C2DFDEC88002DA8F4;
					};
					6AEC94952DFDEC8B002DA8F4 = {
						CreatedOnToolsVersion = 26.0;
						TestTargetID = 6AEC947C2DFDEC88002DA8F4;
					};
				};
			};
			buildConfigurationList = 6AEC94782DFDEC88002DA8F4 /* Build configuration list for PBXProject "Donna" */;
			developmentRegion = en;
			hasScannedForEncodings = 0;
			knownRegions = (
				en,
				Base,
			);
			mainGroup = 6AEC94742DFDEC88002DA8F4;
			minimizedProjectReferenceProxies = 1;
			preferredProjectObjectVersion = 77;
			productRefGroup = 6AEC947E2DFDEC88002DA8F4 /* Products */;
			projectDirPath = "";
			projectRoot = "";
			targets = (
				6AEC947C2DFDEC88002DA8F4 /* Donna */,
				6AEC948B2DFDEC8B002DA8F4 /* DonnaTests */,
				6AEC94952DFDEC8B002DA8F4 /* DonnaUITests */,
			);
		};
/* End PBXProject section */

/* Begin PBXResourcesBuildPhase section */
		6AEC947B2DFDEC88002DA8F4 /* Resources */ = {
			isa = PBXResourcesBuildPhase;
			buildActionMask = 2147483647;
			files = (
			);
			runOnlyForDeploymentPostprocessing = 0;
		};
		6AEC948A2DFDEC8B002DA8F4 /* Resources */ = {
			isa = PBXResourcesBuildPhase;
			buildActionMask = 2147483647;
			files = (
			);
			runOnlyForDeploymentPostprocessing = 0;
		};
		6AEC94942DFDEC8B002DA8F4 /* Resources */ = {
			isa = PBXResourcesBuildPhase;
			buildActionMask = 2147483647;
			files = (
			);
			runOnlyForDeploymentPostprocessing = 0;
		};
/* End PBXResourcesBuildPhase section */

/* Begin PBXSourcesBuildPhase section */
		6AEC94792DFDEC88002DA8F4 /* Sources */ = {
			isa = PBXSourcesBuildPhase;
			buildActionMask = 2147483647;
			files = (
			);
			runOnlyForDeploymentPostprocessing = 0;
		};
		6AEC94882DFDEC8B002DA8F4 /* Sources */ = {
			isa = PBXSourcesBuildPhase;
			buildActionMask = 2147483647;
			files = (
			);
			runOnlyForDeploymentPostprocessing = 0;
		};
		6AEC94922DFDEC8B002DA8F4 /* Sources */ = {
			isa = PBXSourcesBuildPhase;
			buildActionMask = 2147483647;
			files = (
			);
			runOnlyForDeploymentPostprocessing = 0;
		};
/* End PBXSourcesBuildPhase section */

/* Begin PBXTargetDependency section */
		6AEC948E2DFDEC8B002DA8F4 /* PBXTargetDependency */ = {
			isa = PBXTargetDependency;
			target = 6AEC947C2DFDEC88002DA8F4 /* Donna */;
			targetProxy = 6AEC948D2DFDEC8B002DA8F4 /* PBXContainerItemProxy */;
		};
		6AEC94982DFDEC8B002DA8F4 /* PBXTargetDependency */ = {
			isa = PBXTargetDependency;
			target = 6AEC947C2DFDEC88002DA8F4 /* Donna */;
			targetProxy = 6AEC94972DFDEC8B002DA8F4 /* PBXContainerItemProxy */;
		};
/* End PBXTargetDependency section */

/* Begin XCBuildConfiguration section */
		6AEC949E2DFDEC8B002DA8F4 /* Debug */ = {
			isa = XCBuildConfiguration;
			buildSettings = {
				ALWAYS_SEARCH_USER_PATHS = NO;
				ASSETCATALOG_COMPILER_GENERATE_SWIFT_ASSET_SYMBOL_EXTENSIONS = YES;
				CLANG_ANALYZER_NONNULL = YES;
				CLANG_ANALYZER_NUMBER_OBJECT_CONVERSION = YES_AGGRESSIVE;
				CLANG_CXX_LANGUAGE_STANDARD = "gnu++20";
				CLANG_ENABLE_MODULES = YES;
				CLANG_ENABLE_OBJC_ARC = YES;
				CLANG_ENABLE_OBJC_WEAK = YES;
				CLANG_WARN_BLOCK_CAPTURE_AUTORELEASING = YES;
				CLANG_WARN_BOOL_CONVERSION = YES;
				CLANG_WARN_COMMA = YES;
				CLANG_WARN_CONSTANT_CONVERSION = YES;
				CLANG_WARN_DEPRECATED_OBJC_IMPLEMENTATIONS = YES;
				CLANG_WARN_DIRECT_OBJC_ISA_USAGE = YES_ERROR;
				CLANG_WARN_DOCUMENTATION_COMMENTS = YES;
				CLANG_WARN_EMPTY_BODY = YES;
				CLANG_WARN_ENUM_CONVERSION = YES;
				CLANG_WARN_INFINITE_RECURSION = YES;
				CLANG_WARN_INT_CONVERSION = YES;
				CLANG_WARN_NON_LITERAL_NULL_CONVERSION = YES;
				CLANG_WARN_OBJC_IMPLICIT_RETAIN_SELF = YES;
				CLANG_WARN_OBJC_LITERAL_CONVERSION = YES;
				CLANG_WARN_OBJC_ROOT_CLASS = YES_ERROR;
				CLANG_WARN_QUOTED_INCLUDE_IN_FRAMEWORK_HEADER = YES;
				CLANG_WARN_RANGE_LOOP_ANALYSIS = YES;
				CLANG_WARN_STRICT_PROTOTYPES = YES;
				CLANG_WARN_SUSPICIOUS_MOVE = YES;
				CLANG_WARN_UNGUARDED_AVAILABILITY = YES_AGGRESSIVE;
				CLANG_WARN_UNREACHABLE_CODE = YES;
				CLANG_WARN__DUPLICATE_METHOD_MATCH = YES;
				COPY_PHASE_STRIP = NO;
				DEBUG_INFORMATION_FORMAT = dwarf;
				DEVELOPMENT_TEAM = Z3XZ94WPLT;
				ENABLE_STRICT_OBJC_MSGSEND = YES;
				ENABLE_TESTABILITY = YES;
				ENABLE_USER_SCRIPT_SANDBOXING = YES;
				GCC_C_LANGUAGE_STANDARD = gnu17;
				GCC_DYNAMIC_NO_PIC = NO;
				GCC_NO_COMMON_BLOCKS = YES;
				GCC_OPTIMIZATION_LEVEL = 0;
				GCC_PREPROCESSOR_DEFINITIONS = (
					"DEBUG=1",
					"$(inherited)",
				);
				GCC_WARN_64_TO_32_BIT_CONVERSION = YES;
				GCC_WARN_ABOUT_RETURN_TYPE = YES_ERROR;
				GCC_WARN_UNDECLARED_SELECTOR = YES;
				GCC_WARN_UNINITIALIZED_AUTOS = YES_AGGRESSIVE;
				GCC_WARN_UNUSED_FUNCTION = YES;
				GCC_WARN_UNUSED_VARIABLE = YES;
				IPHONEOS_DEPLOYMENT_TARGET = 26.0;
				LOCALIZATION_PREFERS_STRING_CATALOGS = YES;
				MTL_ENABLE_DEBUG_INFO = INCLUDE_SOURCE;
				MTL_FAST_MATH = YES;
				ONLY_ACTIVE_ARCH = YES;
				SDKROOT = iphoneos;
				SWIFT_ACTIVE_COMPILATION_CONDITIONS = "DEBUG $(inherited)";
				SWIFT_OPTIMIZATION_LEVEL = "-Onone";
			};
			name = Debug;
		};
		6AEC949F2DFDEC8B002DA8F4 /* Release */ = {
			isa = XCBuildConfiguration;
			buildSettings = {
				ALWAYS_SEARCH_USER_PATHS = NO;
				ASSETCATALOG_COMPILER_GENERATE_SWIFT_ASSET_SYMBOL_EXTENSIONS = YES;
				CLANG_ANALYZER_NONNULL = YES;
				CLANG_ANALYZER_NUMBER_OBJECT_CONVERSION = YES_AGGRESSIVE;
				CLANG_CXX_LANGUAGE_STANDARD = "gnu++20";
				CLANG_ENABLE_MODULES = YES;
				CLANG_ENABLE_OBJC_ARC = YES;
				CLANG_ENABLE_OBJC_WEAK = YES;
				CLANG_WARN_BLOCK_CAPTURE_AUTORELEASING = YES;
				CLANG_WARN_BOOL_CONVERSION = YES;
				CLANG_WARN_COMMA = YES;
				CLANG_WARN_CONSTANT_CONVERSION = YES;
				CLANG_WARN_DEPRECATED_OBJC_IMPLEMENTATIONS = YES;
				CLANG_WARN_DIRECT_OBJC_ISA_USAGE = YES_ERROR;
				CLANG_WARN_DOCUMENTATION_COMMENTS = YES;
				CLANG_WARN_EMPTY_BODY = YES;
				CLANG_WARN_ENUM_CONVERSION = YES;
				CLANG_WARN_INFINITE_RECURSION = YES;
				CLANG_WARN_INT_CONVERSION = YES;
				CLANG_WARN_NON_LITERAL_NULL_CONVERSION = YES;
				CLANG_WARN_OBJC_IMPLICIT_RETAIN_SELF = YES;
				CLANG_WARN_OBJC_LITERAL_CONVERSION = YES;
				CLANG_WARN_OBJC_ROOT_CLASS = YES_ERROR;
				CLANG_WARN_QUOTED_INCLUDE_IN_FRAMEWORK_HEADER = YES;
				CLANG_WARN_RANGE_LOOP_ANALYSIS = YES;
				CLANG_WARN_STRICT_PROTOTYPES = YES;
				CLANG_WARN_SUSPICIOUS_MOVE = YES;
				CLANG_WARN_UNGUARDED_AVAILABILITY = YES_AGGRESSIVE;
				CLANG_WARN_UNREACHABLE_CODE = YES;
				CLANG_WARN__DUPLICATE_METHOD_MATCH = YES;
				COPY_PHASE_STRIP = NO;
				DEBUG_INFORMATION_FORMAT = "dwarf-with-dsym";
				DEVELOPMENT_TEAM = Z3XZ94WPLT;
				ENABLE_NS_ASSERTIONS = NO;
				ENABLE_STRICT_OBJC_MSGSEND = YES;
				ENABLE_USER_SCRIPT_SANDBOXING = YES;
				GCC_C_LANGUAGE_STANDARD = gnu17;
				GCC_NO_COMMON_BLOCKS = YES;
				GCC_WARN_64_TO_32_BIT_CONVERSION = YES;
				GCC_WARN_ABOUT_RETURN_TYPE = YES_ERROR;
				GCC_WARN_UNDECLARED_SELECTOR = YES;
				GCC_WARN_UNINITIALIZED_AUTOS = YES_AGGRESSIVE;
				GCC_WARN_UNUSED_FUNCTION = YES;
				GCC_WARN_UNUSED_VARIABLE = YES;
				IPHONEOS_DEPLOYMENT_TARGET = 26.0;
				LOCALIZATION_PREFERS_STRING_CATALOGS = YES;
				MTL_ENABLE_DEBUG_INFO = NO;
				MTL_FAST_MATH = YES;
				SDKROOT = iphoneos;
				SWIFT_COMPILATION_MODE = wholemodule;
				VALIDATE_PRODUCT = YES;
			};
			name = Release;
		};
		6AEC94A12DFDEC8B002DA8F4 /* Debug */ = {
			isa = XCBuildConfiguration;
			buildSettings = {
				ASSETCATALOG_COMPILER_APPICON_NAME = AppIcon;
				ASSETCATALOG_COMPILER_GLOBAL_ACCENT_COLOR_NAME = AccentColor;
				CODE_SIGN_STYLE = Automatic;
				CURRENT_PROJECT_VERSION = 1;
				DEVELOPMENT_TEAM = Z3XZ94WPLT;
				ENABLE_PREVIEWS = YES;
				GENERATE_INFOPLIST_FILE = YES;
				INFOPLIST_KEY_UIApplicationSceneManifest_Generation = YES;
				INFOPLIST_KEY_UIApplicationSupportsIndirectInputEvents = YES;
				INFOPLIST_KEY_UILaunchScreen_Generation = YES;
				INFOPLIST_KEY_UISupportedInterfaceOrientations_iPad = "UIInterfaceOrientationPortrait UIInterfaceOrientationPortraitUpsideDown UIInterfaceOrientationLandscapeLeft UIInterfaceOrientationLandscapeRight";
				INFOPLIST_KEY_UISupportedInterfaceOrientations_iPhone = "UIInterfaceOrientationPortrait UIInterfaceOrientationLandscapeLeft UIInterfaceOrientationLandscapeRight";
				LD_RUNPATH_SEARCH_PATHS = (
					"$(inherited)",
					"@executable_path/Frameworks",
				);
				MARKETING_VERSION = 1.0;
				PRODUCT_BUNDLE_IDENTIFIER = com.williamwagner.Donna;
				PRODUCT_NAME = "$(TARGET_NAME)";
				STRING_CATALOG_GENERATE_SYMBOLS = YES;
				SWIFT_DEFAULT_ACTOR_ISOLATION = MainActor;
				SWIFT_EMIT_LOC_STRINGS = YES;
				SWIFT_UPCOMING_FEATURE_MEMBER_IMPORT_VISIBILITY = YES;
				SWIFT_VERSION = 5.0;
				TARGETED_DEVICE_FAMILY = "1,2";
			};
			name = Debug;
		};
		6AEC94A22DFDEC8B002DA8F4 /* Release */ = {
			isa = XCBuildConfiguration;
			buildSettings = {
				ASSETCATALOG_COMPILER_APPICON_NAME = AppIcon;
				ASSETCATALOG_COMPILER_GLOBAL_ACCENT_COLOR_NAME = AccentColor;
				CODE_SIGN_STYLE = Automatic;
				CURRENT_PROJECT_VERSION = 1;
				DEVELOPMENT_TEAM = Z3XZ94WPLT;
				ENABLE_PREVIEWS = YES;
				GENERATE_INFOPLIST_FILE = YES;
				INFOPLIST_KEY_UIApplicationSceneManifest_Generation = YES;
				INFOPLIST_KEY_UIApplicationSupportsIndirectInputEvents = YES;
				INFOPLIST_KEY_UILaunchScreen_Generation = YES;
				INFOPLIST_KEY_UISupportedInterfaceOrientations_iPad = "UIInterfaceOrientationPortrait UIInterfaceOrientationPortraitUpsideDown UIInterfaceOrientationLandscapeLeft UIInterfaceOrientationLandscapeRight";
				INFOPLIST_KEY_UISupportedInterfaceOrientations_iPhone = "UIInterfaceOrientationPortrait UIInterfaceOrientationLandscapeLeft UIInterfaceOrientationLandscapeRight";
				LD_RUNPATH_SEARCH_PATHS = (
					"$(inherited)",
					"@executable_path/Frameworks",
				);
				MARKETING_VERSION = 1.0;
				PRODUCT_BUNDLE_IDENTIFIER = com.williamwagner.Donna;
				PRODUCT_NAME = "$(TARGET_NAME)";
				STRING_CATALOG_GENERATE_SYMBOLS = YES;
				SWIFT_DEFAULT_ACTOR_ISOLATION = MainActor;
				SWIFT_EMIT_LOC_STRINGS = YES;
				SWIFT_UPCOMING_FEATURE_MEMBER_IMPORT_VISIBILITY = YES;
				SWIFT_VERSION = 5.0;
				TARGETED_DEVICE_FAMILY = "1,2";
			};
			name = Release;
		};
		6AEC94A42DFDEC8B002DA8F4 /* Debug */ = {
			isa = XCBuildConfiguration;
			buildSettings = {
				BUNDLE_LOADER = "$(TEST_HOST)";
				CODE_SIGN_STYLE = Automatic;
				CURRENT_PROJECT_VERSION = 1;
				DEVELOPMENT_TEAM = Z3XZ94WPLT;
				GENERATE_INFOPLIST_FILE = YES;
				IPHONEOS_DEPLOYMENT_TARGET = 26.0;
				MARKETING_VERSION = 1.0;
				PRODUCT_BUNDLE_IDENTIFIER = com.williamwagner.DonnaTests;
				PRODUCT_NAME = "$(TARGET_NAME)";
				STRING_CATALOG_GENERATE_SYMBOLS = NO;
				SWIFT_EMIT_LOC_STRINGS = NO;
				SWIFT_UPCOMING_FEATURE_MEMBER_IMPORT_VISIBILITY = YES;
				SWIFT_VERSION = 5.0;
				TARGETED_DEVICE_FAMILY = "1,2";
				TEST_HOST = "$(BUILT_PRODUCTS_DIR)/Donna.app/$(BUNDLE_EXECUTABLE_FOLDER_PATH)/Donna";
			};
			name = Debug;
		};
		6AEC94A52DFDEC8B002DA8F4 /* Release */ = {
			isa = XCBuildConfiguration;
			buildSettings = {
				BUNDLE_LOADER = "$(TEST_HOST)";
				CODE_SIGN_STYLE = Automatic;
				CURRENT_PROJECT_VERSION = 1;
				DEVELOPMENT_TEAM = Z3XZ94WPLT;
				GENERATE_INFOPLIST_FILE = YES;
				IPHONEOS_DEPLOYMENT_TARGET = 26.0;
				MARKETING_VERSION = 1.0;
				PRODUCT_BUNDLE_IDENTIFIER = com.williamwagner.DonnaTests;
				PRODUCT_NAME = "$(TARGET_NAME)";
				STRING_CATALOG_GENERATE_SYMBOLS = NO;
				SWIFT_EMIT_LOC_STRINGS = NO;
				SWIFT_UPCOMING_FEATURE_MEMBER_IMPORT_VISIBILITY = YES;
				SWIFT_VERSION = 5.0;
				TARGETED_DEVICE_FAMILY = "1,2";
				TEST_HOST = "$(BUILT_PRODUCTS_DIR)/Donna.app/$(BUNDLE_EXECUTABLE_FOLDER_PATH)/Donna";
			};
			name = Release;
		};
		6AEC94A72DFDEC8B002DA8F4 /* Debug */ = {
			isa = XCBuildConfiguration;
			buildSettings = {
				CODE_SIGN_STYLE = Automatic;
				CURRENT_PROJECT_VERSION = 1;
				DEVELOPMENT_TEAM = Z3XZ94WPLT;
				GENERATE_INFOPLIST_FILE = YES;
				MARKETING_VERSION = 1.0;
				PRODUCT_BUNDLE_IDENTIFIER = com.williamwagner.DonnaUITests;
				PRODUCT_NAME = "$(TARGET_NAME)";
				STRING_CATALOG_GENERATE_SYMBOLS = NO;
				SWIFT_EMIT_LOC_STRINGS = NO;
				SWIFT_UPCOMING_FEATURE_MEMBER_IMPORT_VISIBILITY = YES;
				SWIFT_VERSION = 5.0;
				TARGETED_DEVICE_FAMILY = "1,2";
				TEST_TARGET_NAME = Donna;
			};
			name = Debug;
		};
		6AEC94A82DFDEC8B002DA8F4 /* Release */ = {
			isa = XCBuildConfiguration;
			buildSettings = {
				CODE_SIGN_STYLE = Automatic;
				CURRENT_PROJECT_VERSION = 1;
				DEVELOPMENT_TEAM = Z3XZ94WPLT;
				GENERATE_INFOPLIST_FILE = YES;
				MARKETING_VERSION = 1.0;
				PRODUCT_BUNDLE_IDENTIFIER = com.williamwagner.DonnaUITests;
				PRODUCT_NAME = "$(TARGET_NAME)";
				STRING_CATALOG_GENERATE_SYMBOLS = NO;
				SWIFT_EMIT_LOC_STRINGS = NO;
				SWIFT_UPCOMING_FEATURE_MEMBER_IMPORT_VISIBILITY = YES;
				SWIFT_VERSION = 5.0;
				TARGETED_DEVICE_FAMILY = "1,2";
				TEST_TARGET_NAME = Donna;
			};
			name = Release;
		};
/* End XCBuildConfiguration section */

/* Begin XCConfigurationList section */
		6AEC94782DFDEC88002DA8F4 /* Build configuration list for PBXProject "Donna" */ = {
			isa = XCConfigurationList;
			buildConfigurations = (
				6AEC949E2DFDEC8B002DA8F4 /* Debug */,
				6AEC949F2DFDEC8B002DA8F4 /* Release */,
			);
			defaultConfigurationIsVisible = 0;
			defaultConfigurationName = Release;
		};
		6AEC94A02DFDEC8B002DA8F4 /* Build configuration list for PBXNativeTarget "Donna" */ = {
			isa = XCConfigurationList;
			buildConfigurations = (
				6AEC94A12DFDEC8B002DA8F4 /* Debug */,
				6AEC94A22DFDEC8B002DA8F4 /* Release */,
			);
			defaultConfigurationIsVisible = 0;
			defaultConfigurationName = Release;
		};
		6AEC94A32DFDEC8B002DA8F4 /* Build configuration list for PBXNativeTarget "DonnaTests" */ = {
			isa = XCConfigurationList;
			buildConfigurations = (
				6AEC94A42DFDEC8B002DA8F4 /* Debug */,
				6AEC94A52DFDEC8B002DA8F4 /* Release */,
			);
			defaultConfigurationIsVisible = 0;
			defaultConfigurationName = Release;
		};
		6AEC94A62DFDEC8B002DA8F4 /* Build configuration list for PBXNativeTarget "DonnaUITests" */ = {
			isa = XCConfigurationList;
			buildConfigurations = (
				6AEC94A72DFDEC8B002DA8F4 /* Debug */,
				6AEC94A82DFDEC8B002DA8F4 /* Release */,
			);
			defaultConfigurationIsVisible = 0;
			defaultConfigurationName = Release;
		};
/* End XCConfigurationList section */
	};
	rootObject = 6AEC94752DFDEC88002DA8F4 /* Project object */;
}
